
Microsoft Visual Studio Solution File, Format Version 12.00
# Visual Studio Version 16
VisualStudioVersion = 16.0.30128.74
MinimumVisualStudioVersion = 10.0.40219.1
Project("{FAE04EC0-301F-11D3-BF4B-00C04F79EFBC}") = "LarpCharacterBuilder3", "LarpCharacterBuilder3.csproj", "{40A8B814-F3C2-49EE-A5EA-FE139FC2D947}"
EndProject
Global
	GlobalSection(SolutionConfigurationPlatforms) = preSolution
		Debug|Any CPU = Debug|Any CPU
		Release|Any CPU = Release|Any CPU
	EndGlobalSection
	GlobalSection(ProjectConfigurationPlatforms) = postSolution
		{40A8B814-F3C2-49EE-A5EA-FE139FC2D947}.Debug|Any CPU.ActiveCfg = Debug|Any CPU
		{40A8B814-F3C2-49EE-A5EA-FE139FC2D947}.Debug|Any CPU.Build.0 = Debug|Any CPU
		{40A8B814-F3C2-49EE-A5EA-FE139FC2D947}.Release|Any CPU.ActiveCfg = Release|Any CPU
		{40A8B814-F3C2-49EE-A5EA-FE139FC2D947}.Release|Any CPU.Build.0 = Release|Any CPU
	EndGlobalSection
	GlobalSection(SolutionProperties) = preSolution
		HideSolutionNode = FALSE
	EndGlobalSection
	GlobalSection(ExtensibilityGlobals) = postSolution
		SolutionGuid = {7439426B-8E2C-4B10-B419-40C809307EE8}
	EndGlobalSection
EndGlobal
